
Microsoft Visual Studio Solution File, Format Version 12.00
# Visual Studio 15
VisualStudioVersion = 15.0.28307.271
MinimumVisualStudioVersion = 10.0.40219.1
Project("{FAE04EC0-301F-11D3-BF4B-00C04F79EFBC}") = "SnakeGame", "SnakeGame\SnakeGame.csproj", "{06F5116F-D96C-4B19-BFB0-D100006944CE}"
EndProject
Global
	GlobalSection(SolutionConfigurationPlatforms) = preSolution
		Debug|Any CPU = Debug|Any CPU
		Release|Any CPU = Release|Any CPU
	EndGlobalSection
	GlobalSection(ProjectConfigurationPlatforms) = postSolution
		{06F5116F-D96C-4B19-BFB0-D100006944CE}.Debug|Any CPU.ActiveCfg = Debug|Any CPU
		{06F5116F-D96C-4B19-BFB0-D100006944CE}.Debug|Any CPU.Build.0 = Debug|Any CPU
		{06F5116F-D96C-4B19-BFB0-D100006944CE}.Release|Any CPU.ActiveCfg = Release|Any CPU
		{06F5116F-D96C-4B19-BFB0-D100006944CE}.Release|Any CPU.Build.0 = Release|Any CPU
	EndGlobalSection
	GlobalSection(SolutionProperties) = preSolution
		HideSolutionNode = FALSE
	EndGlobalSection
	GlobalSection(ExtensibilityGlobals) = postSolution
		SolutionGuid = {94333364-C312-45D6-9CF0-948E40F5C18F}
	EndGlobalSection
EndGlobal
